
Microsoft Visual Studio Solution File, Format Version 12.00
# Visual Studio Version 17
VisualStudioVersion = 17.3.32901.215
MinimumVisualStudioVersion = 10.0.40219.1
Project("{8BC9CEB8-8B4A-11D0-8D11-00A0C91BC942}") = "Task1", "Task1\Task1.vcxproj", "{F8E0C0F1-DD5A-4B4D-B083-64498AEB8C75}"
EndProject
Project("{8BC9CEB8-8B4A-11D0-8D11-00A0C91BC942}") = "Task2", "Task2\Task2.vcxproj", "{33E4F9EB-B62B-43F9-869A-31B33A6F0E0A}"
EndProject
Project("{8BC9CEB8-8B4A-11D0-8D11-00A0C91BC942}") = "Task3", "Task3\Task3.vcxproj", "{788470E4-7198-4C88-82AF-D7743ED73391}"
EndProject
Project("{8BC9CEB8-8B4A-11D0-8D11-00A0C91BC942}") = "Task4", "Task4\Task4.vcxproj", "{F6296DC5-9101-4AA6-ACE2-9A5A99DDDB9B}"
EndProject
Project("{8BC9CEB8-8B4A-11D0-8D11-00A0C91BC942}") = "Task5", "Task5\Task5.vcxproj", "{ADDF63A9-F5C1-4208-A3AD-45D35FABC3D8}"
EndProject
Project("{8BC9CEB8-8B4A-11D0-8D11-00A0C91BC942}") = "Task6", "Task6\Task6.vcxproj", "{7EF71CC4-9A13-4371-A4EC-A8313B124BAA}"
EndProject
Project("{8BC9CEB8-8B4A-11D0-8D11-00A0C91BC942}") = "Task7", "Task7\Task7.vcxproj", "{DE677D9D-5F88-4485-8768-2C1EBF630950}"
EndProject
Project("{8BC9CEB8-8B4A-11D0-8D11-00A0C91BC942}") = "Task8", "Task8\Task8.vcxproj", "{AFB75A35-074A-4C81-A20B-10640600765B}"
EndProject
Project("{8BC9CEB8-8B4A-11D0-8D11-00A0C91BC942}") = "Task9", "Task9\Task9.vcxproj", "{A6B0C1AC-063B-4FD5-9950-F3B30A8C9740}"
EndProject
Global
	GlobalSection(SolutionConfigurationPlatforms) = preSolution
		Debug|x64 = Debug|x64
		Debug|x86 = Debug|x86
		Release|x64 = Release|x64
		Release|x86 = Release|x86
	EndGlobalSection
	GlobalSection(ProjectConfigurationPlatforms) = postSolution
		{F8E0C0F1-DD5A-4B4D-B083-64498AEB8C75}.Debug|x64.ActiveCfg = Debug|x64
		{F8E0C0F1-DD5A-4B4D-B083-64498AEB8C75}.Debug|x64.Build.0 = Debug|x64
		{F8E0C0F1-DD5A-4B4D-B083-64498AEB8C75}.Debug|x86.ActiveCfg = Debug|Win32
		{F8E0C0F1-DD5A-4B4D-B083-64498AEB8C75}.Debug|x86.Build.0 = Debug|Win32
		{F8E0C0F1-DD5A-4B4D-B083-64498AEB8C75}.Release|x64.ActiveCfg = Release|x64
		{F8E0C0F1-DD5A-4B4D-B083-64498AEB8C75}.Release|x64.Build.0 = Release|x64
		{F8E0C0F1-DD5A-4B4D-B083-64498AEB8C75}.Release|x86.ActiveCfg = Release|Win32
		{F8E0C0F1-DD5A-4B4D-B083-64498AEB8C75}.Release|x86.Build.0 = Release|Win32
		{33E4F9EB-B62B-43F9-869A-31B33A6F0E0A}.Debug|x64.ActiveCfg = Debug|x64
		{33E4F9EB-B62B-43F9-869A-31B33A6F0E0A}.Debug|x64.Build.0 = Debug|x64
		{33E4F9EB-B62B-43F9-869A-31B33A6F0E0A}.Debug|x86.ActiveCfg = Debug|Win32
		{33E4F9EB-B62B-43F9-869A-31B33A6F0E0A}.Debug|x86.Build.0 = Debug|Win32
		{33E4F9EB-B62B-43F9-869A-31B33A6F0E0A}.Release|x64.ActiveCfg = Release|x64
		{33E4F9EB-B62B-43F9-869A-31B33A6F0E0A}.Release|x64.Build.0 = Release|x64
		{33E4F9EB-B62B-43F9-869A-31B33A6F0E0A}.Release|x86.ActiveCfg = Release|Win32
		{33E4F9EB-B62B-43F9-869A-31B33A6F0E0A}.Release|x86.Build.0 = Release|Win32
		{788470E4-7198-4C88-82AF-D7743ED73391}.Debug|x64.ActiveCfg = Debug|x64
		{788470E4-7198-4C88-82AF-D7743ED73391}.Debug|x64.Build.0 = Debug|x64
		{788470E4-7198-4C88-82AF-D7743ED73391}.Debug|x86.ActiveCfg = Debug|Win32
		{788470E4-7198-4C88-82AF-D7743ED73391}.Debug|x86.Build.0 = Debug|Win32
		{788470E4-7198-4C88-82AF-D7743ED73391}.Release|x64.ActiveCfg = Release|x64
		{788470E4-7198-4C88-82AF-D7743ED73391}.Release|x64.Build.0 = Release|x64
		{788470E4-7198-4C88-82AF-D7743ED73391}.Release|x86.ActiveCfg = Release|Win32
		{788470E4-7198-4C88-82AF-D7743ED73391}.Release|x86.Build.0 = Release|Win32
		{F6296DC5-9101-4AA6-ACE2-9A5A99DDDB9B}.Debug|x64.ActiveCfg = Debug|x64
		{F6296DC5-9101-4AA6-ACE2-9A5A99DDDB9B}.Debug|x64.Build.0 = Debug|x64
		{F6296DC5-9101-4AA6-ACE2-9A5A99DDDB9B}.Debug|x86.ActiveCfg = Debug|Win32
		{F6296DC5-9101-4AA6-ACE2-9A5A99DDDB9B}.Debug|x86.Build.0 = Debug|Win32
		{F6296DC5-9101-4AA6-ACE2-9A5A99DDDB9B}.Release|x64.ActiveCfg = Release|x64
		{F6296DC5-9101-4AA6-ACE2-9A5A99DDDB9B}.Release|x64.Build.0 = Release|x64
		{F6296DC5-9101-4AA6-ACE2-9A5A99DDDB9B}.Release|x86.ActiveCfg = Release|Win32
		{F6296DC5-9101-4AA6-ACE2-9A5A99DDDB9B}.Release|x86.Build.0 = Release|Win32
		{ADDF63A9-F5C1-4208-A3AD-45D35FABC3D8}.Debug|x64.ActiveCfg = Debug|x64
		{ADDF63A9-F5C1-4208-A3AD-45D35FABC3D8}.Debug|x64.Build.0 = Debug|x64
		{ADDF63A9-F5C1-4208-A3AD-45D35FABC3D8}.Debug|x86.ActiveCfg = Debug|Win32
		{ADDF63A9-F5C1-4208-A3AD-45D35FABC3D8}.Debug|x86.Build.0 = Debug|Win32
		{ADDF63A9-F5C1-4208-A3AD-45D35FABC3D8}.Release|x64.ActiveCfg = Release|x64
		{ADDF63A9-F5C1-4208-A3AD-45D35FABC3D8}.Release|x64.Build.0 = Release|x64
		{ADDF63A9-F5C1-4208-A3AD-45D35FABC3D8}.Release|x86.ActiveCfg = Release|Win32
		{ADDF63A9-F5C1-4208-A3AD-45D35FABC3D8}.Release|x86.Build.0 = Release|Win32
		{7EF71CC4-9A13-4371-A4EC-A8313B124BAA}.Debug|x64.ActiveCfg = Debug|x64
		{7EF71CC4-9A13-4371-A4EC-A8313B124BAA}.Debug|x64.Build.0 = Debug|x64
		{7EF71CC4-9A13-4371-A4EC-A8313B124BAA}.Debug|x86.ActiveCfg = Debug|Win32
		{7EF71CC4-9A13-4371-A4EC-A8313B124BAA}.Debug|x86.Build.0 = Debug|Win32
		{7EF71CC4-9A13-4371-A4EC-A8313B124BAA}.Release|x64.ActiveCfg = Release|x64
		{7EF71CC4-9A13-4371-A4EC-A8313B124BAA}.Release|x64.Build.0 = Release|x64
		{7EF71CC4-9A13-4371-A4EC-A8313B124BAA}.Release|x86.ActiveCfg = Release|Win32
		{7EF71CC4-9A13-4371-A4EC-A8313B124BAA}.Release|x86.Build.0 = Release|Win32
		{DE677D9D-5F88-4485-8768-2C1EBF630950}.Debug|x64.ActiveCfg = Debug|x64
		{DE677D9D-5F88-4485-8768-2C1EBF630950}.Debug|x64.Build.0 = Debug|x64
		{DE677D9D-5F88-4485-8768-2C1EBF630950}.Debug|x86.ActiveCfg = Debug|Win32
		{DE677D9D-5F88-4485-8768-2C1EBF630950}.Debug|x86.Build.0 = Debug|Win32
		{DE677D9D-5F88-4485-8768-2C1EBF630950}.Release|x64.ActiveCfg = Release|x64
		{DE677D9D-5F88-4485-8768-2C1EBF630950}.Release|x64.Build.0 = Release|x64
		{DE677D9D-5F88-4485-8768-2C1EBF630950}.Release|x86.ActiveCfg = Release|Win32
		{DE677D9D-5F88-4485-8768-2C1EBF630950}.Release|x86.Build.0 = Release|Win32
		{AFB75A35-074A-4C81-A20B-10640600765B}.Debug|x64.ActiveCfg = Debug|x64
		{AFB75A35-074A-4C81-A20B-10640600765B}.Debug|x64.Build.0 = Debug|x64
		{AFB75A35-074A-4C81-A20B-10640600765B}.Debug|x86.ActiveCfg = Debug|Win32
		{AFB75A35-074A-4C81-A20B-10640600765B}.Debug|x86.Build.0 = Debug|Win32
		{AFB75A35-074A-4C81-A20B-10640600765B}.Release|x64.ActiveCfg = Release|x64
		{AFB75A35-074A-4C81-A20B-10640600765B}.Release|x64.Build.0 = Release|x64
		{AFB75A35-074A-4C81-A20B-10640600765B}.Release|x86.ActiveCfg = Release|Win32
		{AFB75A35-074A-4C81-A20B-10640600765B}.Release|x86.Build.0 = Release|Win32
		{A6B0C1AC-063B-4FD5-9950-F3B30A8C9740}.Debug|x64.ActiveCfg = Debug|x64
		{A6B0C1AC-063B-4FD5-9950-F3B30A8C9740}.Debug|x64.Build.0 = Debug|x64
		{A6B0C1AC-063B-4FD5-9950-F3B30A8C9740}.Debug|x86.ActiveCfg = Debug|Win32
		{A6B0C1AC-063B-4FD5-9950-F3B30A8C9740}.Debug|x86.Build.0 = Debug|Win32
		{A6B0C1AC-063B-4FD5-9950-F3B30A8C9740}.Release|x64.ActiveCfg = Release|x64
		{A6B0C1AC-063B-4FD5-9950-F3B30A8C9740}.Release|x64.Build.0 = Release|x64
		{A6B0C1AC-063B-4FD5-9950-F3B30A8C9740}.Release|x86.ActiveCfg = Release|Win32
		{A6B0C1AC-063B-4FD5-9950-F3B30A8C9740}.Release|x86.Build.0 = Release|Win32
	EndGlobalSection
	GlobalSection(SolutionProperties) = preSolution
		HideSolutionNode = FALSE
	EndGlobalSection
	GlobalSection(ExtensibilityGlobals) = postSolution
		SolutionGuid = {5D561B7F-FEC5-412C-9A53-21EC7004676C}
	EndGlobalSection
EndGlobal
