
Microsoft Visual Studio Solution File, Format Version 12.00
# Visual Studio Version 17
VisualStudioVersion = 17.3.32901.215
MinimumVisualStudioVersion = 10.0.40219.1
Project("{8BC9CEB8-8B4A-11D0-8D11-00A0C91BC942}") = "Task1", "Task1\Task1.vcxproj", "{5DED7791-0F3F-48E3-8677-9B510B15FF31}"
EndProject
Project("{8BC9CEB8-8B4A-11D0-8D11-00A0C91BC942}") = "Task2", "Task2\Task2.vcxproj", "{4251ECDF-BAB8-4938-B275-039D38A0A1E1}"
EndProject
Project("{8BC9CEB8-8B4A-11D0-8D11-00A0C91BC942}") = "Task3", "Task3\Task3.vcxproj", "{B50230E2-C030-419D-9E13-3D4A14DBB515}"
EndProject
Project("{8BC9CEB8-8B4A-11D0-8D11-00A0C91BC942}") = "Task4", "Task4\Task4.vcxproj", "{E84696A3-797B-4F11-BA54-114315DF1157}"
EndProject
Project("{8BC9CEB8-8B4A-11D0-8D11-00A0C91BC942}") = "Task5", "Task5\Task5.vcxproj", "{4A918099-4814-4197-9A8D-311D9C3EF521}"
EndProject
Project("{8BC9CEB8-8B4A-11D0-8D11-00A0C91BC942}") = "Task6", "Task6\Task6.vcxproj", "{C340E339-2351-4389-BA73-12387DD17E28}"
EndProject
Project("{8BC9CEB8-8B4A-11D0-8D11-00A0C91BC942}") = "Task7", "Task7\Task7.vcxproj", "{87679507-12B0-458C-8F1C-0196B1A3ABA8}"
EndProject
Project("{8BC9CEB8-8B4A-11D0-8D11-00A0C91BC942}") = "Task8", "Task8\Task8.vcxproj", "{802BF629-DC3C-4FB5-8726-5EEDB86BD5B5}"
EndProject
Project("{8BC9CEB8-8B4A-11D0-8D11-00A0C91BC942}") = "Task9", "Task9\Task9.vcxproj", "{668149BE-3E3E-46B5-AD4B-244D9124CAFF}"
EndProject
Project("{8BC9CEB8-8B4A-11D0-8D11-00A0C91BC942}") = "Task10", "Task10\Task10.vcxproj", "{84F3D054-5D99-4C1D-841C-63360D97DCC2}"
EndProject
Global
	GlobalSection(SolutionConfigurationPlatforms) = preSolution
		Debug|x64 = Debug|x64
		Debug|x86 = Debug|x86
		Release|x64 = Release|x64
		Release|x86 = Release|x86
	EndGlobalSection
	GlobalSection(ProjectConfigurationPlatforms) = postSolution
		{5DED7791-0F3F-48E3-8677-9B510B15FF31}.Debug|x64.ActiveCfg = Debug|x64
		{5DED7791-0F3F-48E3-8677-9B510B15FF31}.Debug|x64.Build.0 = Debug|x64
		{5DED7791-0F3F-48E3-8677-9B510B15FF31}.Debug|x86.ActiveCfg = Debug|Win32
		{5DED7791-0F3F-48E3-8677-9B510B15FF31}.Debug|x86.Build.0 = Debug|Win32
		{5DED7791-0F3F-48E3-8677-9B510B15FF31}.Release|x64.ActiveCfg = Release|x64
		{5DED7791-0F3F-48E3-8677-9B510B15FF31}.Release|x64.Build.0 = Release|x64
		{5DED7791-0F3F-48E3-8677-9B510B15FF31}.Release|x86.ActiveCfg = Release|Win32
		{5DED7791-0F3F-48E3-8677-9B510B15FF31}.Release|x86.Build.0 = Release|Win32
		{4251ECDF-BAB8-4938-B275-039D38A0A1E1}.Debug|x64.ActiveCfg = Debug|x64
		{4251ECDF-BAB8-4938-B275-039D38A0A1E1}.Debug|x64.Build.0 = Debug|x64
		{4251ECDF-BAB8-4938-B275-039D38A0A1E1}.Debug|x86.ActiveCfg = Debug|Win32
		{4251ECDF-BAB8-4938-B275-039D38A0A1E1}.Debug|x86.Build.0 = Debug|Win32
		{4251ECDF-BAB8-4938-B275-039D38A0A1E1}.Release|x64.ActiveCfg = Release|x64
		{4251ECDF-BAB8-4938-B275-039D38A0A1E1}.Release|x64.Build.0 = Release|x64
		{4251ECDF-BAB8-4938-B275-039D38A0A1E1}.Release|x86.ActiveCfg = Release|Win32
		{4251ECDF-BAB8-4938-B275-039D38A0A1E1}.Release|x86.Build.0 = Release|Win32
		{B50230E2-C030-419D-9E13-3D4A14DBB515}.Debug|x64.ActiveCfg = Debug|x64
		{B50230E2-C030-419D-9E13-3D4A14DBB515}.Debug|x64.Build.0 = Debug|x64
		{B50230E2-C030-419D-9E13-3D4A14DBB515}.Debug|x86.ActiveCfg = Debug|Win32
		{B50230E2-C030-419D-9E13-3D4A14DBB515}.Debug|x86.Build.0 = Debug|Win32
		{B50230E2-C030-419D-9E13-3D4A14DBB515}.Release|x64.ActiveCfg = Release|x64
		{B50230E2-C030-419D-9E13-3D4A14DBB515}.Release|x64.Build.0 = Release|x64
		{B50230E2-C030-419D-9E13-3D4A14DBB515}.Release|x86.ActiveCfg = Release|Win32
		{B50230E2-C030-419D-9E13-3D4A14DBB515}.Release|x86.Build.0 = Release|Win32
		{E84696A3-797B-4F11-BA54-114315DF1157}.Debug|x64.ActiveCfg = Debug|x64
		{E84696A3-797B-4F11-BA54-114315DF1157}.Debug|x64.Build.0 = Debug|x64
		{E84696A3-797B-4F11-BA54-114315DF1157}.Debug|x86.ActiveCfg = Debug|Win32
		{E84696A3-797B-4F11-BA54-114315DF1157}.Debug|x86.Build.0 = Debug|Win32
		{E84696A3-797B-4F11-BA54-114315DF1157}.Release|x64.ActiveCfg = Release|x64
		{E84696A3-797B-4F11-BA54-114315DF1157}.Release|x64.Build.0 = Release|x64
		{E84696A3-797B-4F11-BA54-114315DF1157}.Release|x86.ActiveCfg = Release|Win32
		{E84696A3-797B-4F11-BA54-114315DF1157}.Release|x86.Build.0 = Release|Win32
		{4A918099-4814-4197-9A8D-311D9C3EF521}.Debug|x64.ActiveCfg = Debug|x64
		{4A918099-4814-4197-9A8D-311D9C3EF521}.Debug|x64.Build.0 = Debug|x64
		{4A918099-4814-4197-9A8D-311D9C3EF521}.Debug|x86.ActiveCfg = Debug|Win32
		{4A918099-4814-4197-9A8D-311D9C3EF521}.Debug|x86.Build.0 = Debug|Win32
		{4A918099-4814-4197-9A8D-311D9C3EF521}.Release|x64.ActiveCfg = Release|x64
		{4A918099-4814-4197-9A8D-311D9C3EF521}.Release|x64.Build.0 = Release|x64
		{4A918099-4814-4197-9A8D-311D9C3EF521}.Release|x86.ActiveCfg = Release|Win32
		{4A918099-4814-4197-9A8D-311D9C3EF521}.Release|x86.Build.0 = Release|Win32
		{C340E339-2351-4389-BA73-12387DD17E28}.Debug|x64.ActiveCfg = Debug|x64
		{C340E339-2351-4389-BA73-12387DD17E28}.Debug|x64.Build.0 = Debug|x64
		{C340E339-2351-4389-BA73-12387DD17E28}.Debug|x86.ActiveCfg = Debug|Win32
		{C340E339-2351-4389-BA73-12387DD17E28}.Debug|x86.Build.0 = Debug|Win32
		{C340E339-2351-4389-BA73-12387DD17E28}.Release|x64.ActiveCfg = Release|x64
		{C340E339-2351-4389-BA73-12387DD17E28}.Release|x64.Build.0 = Release|x64
		{C340E339-2351-4389-BA73-12387DD17E28}.Release|x86.ActiveCfg = Release|Win32
		{C340E339-2351-4389-BA73-12387DD17E28}.Release|x86.Build.0 = Release|Win32
		{87679507-12B0-458C-8F1C-0196B1A3ABA8}.Debug|x64.ActiveCfg = Debug|x64
		{87679507-12B0-458C-8F1C-0196B1A3ABA8}.Debug|x64.Build.0 = Debug|x64
		{87679507-12B0-458C-8F1C-0196B1A3ABA8}.Debug|x86.ActiveCfg = Debug|Win32
		{87679507-12B0-458C-8F1C-0196B1A3ABA8}.Debug|x86.Build.0 = Debug|Win32
		{87679507-12B0-458C-8F1C-0196B1A3ABA8}.Release|x64.ActiveCfg = Release|x64
		{87679507-12B0-458C-8F1C-0196B1A3ABA8}.Release|x64.Build.0 = Release|x64
		{87679507-12B0-458C-8F1C-0196B1A3ABA8}.Release|x86.ActiveCfg = Release|Win32
		{87679507-12B0-458C-8F1C-0196B1A3ABA8}.Release|x86.Build.0 = Release|Win32
		{802BF629-DC3C-4FB5-8726-5EEDB86BD5B5}.Debug|x64.ActiveCfg = Debug|x64
		{802BF629-DC3C-4FB5-8726-5EEDB86BD5B5}.Debug|x64.Build.0 = Debug|x64
		{802BF629-DC3C-4FB5-8726-5EEDB86BD5B5}.Debug|x86.ActiveCfg = Debug|Win32
		{802BF629-DC3C-4FB5-8726-5EEDB86BD5B5}.Debug|x86.Build.0 = Debug|Win32
		{802BF629-DC3C-4FB5-8726-5EEDB86BD5B5}.Release|x64.ActiveCfg = Release|x64
		{802BF629-DC3C-4FB5-8726-5EEDB86BD5B5}.Release|x64.Build.0 = Release|x64
		{802BF629-DC3C-4FB5-8726-5EEDB86BD5B5}.Release|x86.ActiveCfg = Release|Win32
		{802BF629-DC3C-4FB5-8726-5EEDB86BD5B5}.Release|x86.Build.0 = Release|Win32
		{668149BE-3E3E-46B5-AD4B-244D9124CAFF}.Debug|x64.ActiveCfg = Debug|x64
		{668149BE-3E3E-46B5-AD4B-244D9124CAFF}.Debug|x64.Build.0 = Debug|x64
		{668149BE-3E3E-46B5-AD4B-244D9124CAFF}.Debug|x86.ActiveCfg = Debug|Win32
		{668149BE-3E3E-46B5-AD4B-244D9124CAFF}.Debug|x86.Build.0 = Debug|Win32
		{668149BE-3E3E-46B5-AD4B-244D9124CAFF}.Release|x64.ActiveCfg = Release|x64
		{668149BE-3E3E-46B5-AD4B-244D9124CAFF}.Release|x64.Build.0 = Release|x64
		{668149BE-3E3E-46B5-AD4B-244D9124CAFF}.Release|x86.ActiveCfg = Release|Win32
		{668149BE-3E3E-46B5-AD4B-244D9124CAFF}.Release|x86.Build.0 = Release|Win32
		{84F3D054-5D99-4C1D-841C-63360D97DCC2}.Debug|x64.ActiveCfg = Debug|x64
		{84F3D054-5D99-4C1D-841C-63360D97DCC2}.Debug|x64.Build.0 = Debug|x64
		{84F3D054-5D99-4C1D-841C-63360D97DCC2}.Debug|x86.ActiveCfg = Debug|Win32
		{84F3D054-5D99-4C1D-841C-63360D97DCC2}.Debug|x86.Build.0 = Debug|Win32
		{84F3D054-5D99-4C1D-841C-63360D97DCC2}.Release|x64.ActiveCfg = Release|x64
		{84F3D054-5D99-4C1D-841C-63360D97DCC2}.Release|x64.Build.0 = Release|x64
		{84F3D054-5D99-4C1D-841C-63360D97DCC2}.Release|x86.ActiveCfg = Release|Win32
		{84F3D054-5D99-4C1D-841C-63360D97DCC2}.Release|x86.Build.0 = Release|Win32
	EndGlobalSection
	GlobalSection(SolutionProperties) = preSolution
		HideSolutionNode = FALSE
	EndGlobalSection
	GlobalSection(ExtensibilityGlobals) = postSolution
		SolutionGuid = {220C5F43-5F45-4B8B-B0E7-9038AAC21A7B}
	EndGlobalSection
EndGlobal
