
Microsoft Visual Studio Solution File, Format Version 12.00
# Visual Studio Version 17
VisualStudioVersion = 17.3.32901.215
MinimumVisualStudioVersion = 10.0.40219.1
Project("{8BC9CEB8-8B4A-11D0-8D11-00A0C91BC942}") = "Task1", "Task1\Task1.vcxproj", "{F8AEC381-4708-4631-A9DF-3633AB60F824}"
EndProject
Project("{8BC9CEB8-8B4A-11D0-8D11-00A0C91BC942}") = "Task2", "Task2\Task2.vcxproj", "{DBF226CB-DD72-4167-BFD7-BDC8CC30F578}"
EndProject
Project("{8BC9CEB8-8B4A-11D0-8D11-00A0C91BC942}") = "Task3", "Task3\Task3.vcxproj", "{98B900D4-A5D8-478D-9514-7B78632423AC}"
EndProject
Project("{8BC9CEB8-8B4A-11D0-8D11-00A0C91BC942}") = "Task4", "Task4\Task4.vcxproj", "{E05E8DFC-ACB5-4A68-BDA6-80A43078C0B2}"
EndProject
Project("{8BC9CEB8-8B4A-11D0-8D11-00A0C91BC942}") = "Task5", "Task5\Task5.vcxproj", "{4A26F40D-45A7-4E46-985B-A9C2C5C23ECF}"
EndProject
Project("{8BC9CEB8-8B4A-11D0-8D11-00A0C91BC942}") = "Task6", "Task6\Task6.vcxproj", "{4CA82D16-3083-4FDF-8625-F11CDD4EA639}"
EndProject
Project("{8BC9CEB8-8B4A-11D0-8D11-00A0C91BC942}") = "Task7", "Task7\Task7.vcxproj", "{FAC49859-3CFA-4DB8-AFF3-FB9D627CE62E}"
EndProject
Project("{8BC9CEB8-8B4A-11D0-8D11-00A0C91BC942}") = "Task8", "Task8\Task8.vcxproj", "{0597E097-D3B5-4AD6-81E4-604B2879FE0B}"
EndProject
Project("{8BC9CEB8-8B4A-11D0-8D11-00A0C91BC942}") = "Task9", "Task9\Task9.vcxproj", "{FF29892B-E075-4492-A343-232E498F4EEB}"
EndProject
Project("{8BC9CEB8-8B4A-11D0-8D11-00A0C91BC942}") = "Task10", "Task10\Task10.vcxproj", "{AC57B50B-71EE-46E7-8937-ABA4BC164934}"
EndProject
Global
	GlobalSection(SolutionConfigurationPlatforms) = preSolution
		Debug|x64 = Debug|x64
		Debug|x86 = Debug|x86
		Release|x64 = Release|x64
		Release|x86 = Release|x86
	EndGlobalSection
	GlobalSection(ProjectConfigurationPlatforms) = postSolution
		{F8AEC381-4708-4631-A9DF-3633AB60F824}.Debug|x64.ActiveCfg = Debug|x64
		{F8AEC381-4708-4631-A9DF-3633AB60F824}.Debug|x64.Build.0 = Debug|x64
		{F8AEC381-4708-4631-A9DF-3633AB60F824}.Debug|x86.ActiveCfg = Debug|Win32
		{F8AEC381-4708-4631-A9DF-3633AB60F824}.Debug|x86.Build.0 = Debug|Win32
		{F8AEC381-4708-4631-A9DF-3633AB60F824}.Release|x64.ActiveCfg = Release|x64
		{F8AEC381-4708-4631-A9DF-3633AB60F824}.Release|x64.Build.0 = Release|x64
		{F8AEC381-4708-4631-A9DF-3633AB60F824}.Release|x86.ActiveCfg = Release|Win32
		{F8AEC381-4708-4631-A9DF-3633AB60F824}.Release|x86.Build.0 = Release|Win32
		{DBF226CB-DD72-4167-BFD7-BDC8CC30F578}.Debug|x64.ActiveCfg = Debug|x64
		{DBF226CB-DD72-4167-BFD7-BDC8CC30F578}.Debug|x64.Build.0 = Debug|x64
		{DBF226CB-DD72-4167-BFD7-BDC8CC30F578}.Debug|x86.ActiveCfg = Debug|Win32
		{DBF226CB-DD72-4167-BFD7-BDC8CC30F578}.Debug|x86.Build.0 = Debug|Win32
		{DBF226CB-DD72-4167-BFD7-BDC8CC30F578}.Release|x64.ActiveCfg = Release|x64
		{DBF226CB-DD72-4167-BFD7-BDC8CC30F578}.Release|x64.Build.0 = Release|x64
		{DBF226CB-DD72-4167-BFD7-BDC8CC30F578}.Release|x86.ActiveCfg = Release|Win32
		{DBF226CB-DD72-4167-BFD7-BDC8CC30F578}.Release|x86.Build.0 = Release|Win32
		{98B900D4-A5D8-478D-9514-7B78632423AC}.Debug|x64.ActiveCfg = Debug|x64
		{98B900D4-A5D8-478D-9514-7B78632423AC}.Debug|x64.Build.0 = Debug|x64
		{98B900D4-A5D8-478D-9514-7B78632423AC}.Debug|x86.ActiveCfg = Debug|Win32
		{98B900D4-A5D8-478D-9514-7B78632423AC}.Debug|x86.Build.0 = Debug|Win32
		{98B900D4-A5D8-478D-9514-7B78632423AC}.Release|x64.ActiveCfg = Release|x64
		{98B900D4-A5D8-478D-9514-7B78632423AC}.Release|x64.Build.0 = Release|x64
		{98B900D4-A5D8-478D-9514-7B78632423AC}.Release|x86.ActiveCfg = Release|Win32
		{98B900D4-A5D8-478D-9514-7B78632423AC}.Release|x86.Build.0 = Release|Win32
		{E05E8DFC-ACB5-4A68-BDA6-80A43078C0B2}.Debug|x64.ActiveCfg = Debug|x64
		{E05E8DFC-ACB5-4A68-BDA6-80A43078C0B2}.Debug|x64.Build.0 = Debug|x64
		{E05E8DFC-ACB5-4A68-BDA6-80A43078C0B2}.Debug|x86.ActiveCfg = Debug|Win32
		{E05E8DFC-ACB5-4A68-BDA6-80A43078C0B2}.Debug|x86.Build.0 = Debug|Win32
		{E05E8DFC-ACB5-4A68-BDA6-80A43078C0B2}.Release|x64.ActiveCfg = Release|x64
		{E05E8DFC-ACB5-4A68-BDA6-80A43078C0B2}.Release|x64.Build.0 = Release|x64
		{E05E8DFC-ACB5-4A68-BDA6-80A43078C0B2}.Release|x86.ActiveCfg = Release|Win32
		{E05E8DFC-ACB5-4A68-BDA6-80A43078C0B2}.Release|x86.Build.0 = Release|Win32
		{4A26F40D-45A7-4E46-985B-A9C2C5C23ECF}.Debug|x64.ActiveCfg = Debug|x64
		{4A26F40D-45A7-4E46-985B-A9C2C5C23ECF}.Debug|x64.Build.0 = Debug|x64
		{4A26F40D-45A7-4E46-985B-A9C2C5C23ECF}.Debug|x86.ActiveCfg = Debug|Win32
		{4A26F40D-45A7-4E46-985B-A9C2C5C23ECF}.Debug|x86.Build.0 = Debug|Win32
		{4A26F40D-45A7-4E46-985B-A9C2C5C23ECF}.Release|x64.ActiveCfg = Release|x64
		{4A26F40D-45A7-4E46-985B-A9C2C5C23ECF}.Release|x64.Build.0 = Release|x64
		{4A26F40D-45A7-4E46-985B-A9C2C5C23ECF}.Release|x86.ActiveCfg = Release|Win32
		{4A26F40D-45A7-4E46-985B-A9C2C5C23ECF}.Release|x86.Build.0 = Release|Win32
		{4CA82D16-3083-4FDF-8625-F11CDD4EA639}.Debug|x64.ActiveCfg = Debug|x64
		{4CA82D16-3083-4FDF-8625-F11CDD4EA639}.Debug|x64.Build.0 = Debug|x64
		{4CA82D16-3083-4FDF-8625-F11CDD4EA639}.Debug|x86.ActiveCfg = Debug|Win32
		{4CA82D16-3083-4FDF-8625-F11CDD4EA639}.Debug|x86.Build.0 = Debug|Win32
		{4CA82D16-3083-4FDF-8625-F11CDD4EA639}.Release|x64.ActiveCfg = Release|x64
		{4CA82D16-3083-4FDF-8625-F11CDD4EA639}.Release|x64.Build.0 = Release|x64
		{4CA82D16-3083-4FDF-8625-F11CDD4EA639}.Release|x86.ActiveCfg = Release|Win32
		{4CA82D16-3083-4FDF-8625-F11CDD4EA639}.Release|x86.Build.0 = Release|Win32
		{FAC49859-3CFA-4DB8-AFF3-FB9D627CE62E}.Debug|x64.ActiveCfg = Debug|x64
		{FAC49859-3CFA-4DB8-AFF3-FB9D627CE62E}.Debug|x64.Build.0 = Debug|x64
		{FAC49859-3CFA-4DB8-AFF3-FB9D627CE62E}.Debug|x86.ActiveCfg = Debug|Win32
		{FAC49859-3CFA-4DB8-AFF3-FB9D627CE62E}.Debug|x86.Build.0 = Debug|Win32
		{FAC49859-3CFA-4DB8-AFF3-FB9D627CE62E}.Release|x64.ActiveCfg = Release|x64
		{FAC49859-3CFA-4DB8-AFF3-FB9D627CE62E}.Release|x64.Build.0 = Release|x64
		{FAC49859-3CFA-4DB8-AFF3-FB9D627CE62E}.Release|x86.ActiveCfg = Release|Win32
		{FAC49859-3CFA-4DB8-AFF3-FB9D627CE62E}.Release|x86.Build.0 = Release|Win32
		{0597E097-D3B5-4AD6-81E4-604B2879FE0B}.Debug|x64.ActiveCfg = Debug|x64
		{0597E097-D3B5-4AD6-81E4-604B2879FE0B}.Debug|x64.Build.0 = Debug|x64
		{0597E097-D3B5-4AD6-81E4-604B2879FE0B}.Debug|x86.ActiveCfg = Debug|Win32
		{0597E097-D3B5-4AD6-81E4-604B2879FE0B}.Debug|x86.Build.0 = Debug|Win32
		{0597E097-D3B5-4AD6-81E4-604B2879FE0B}.Release|x64.ActiveCfg = Release|x64
		{0597E097-D3B5-4AD6-81E4-604B2879FE0B}.Release|x64.Build.0 = Release|x64
		{0597E097-D3B5-4AD6-81E4-604B2879FE0B}.Release|x86.ActiveCfg = Release|Win32
		{0597E097-D3B5-4AD6-81E4-604B2879FE0B}.Release|x86.Build.0 = Release|Win32
		{FF29892B-E075-4492-A343-232E498F4EEB}.Debug|x64.ActiveCfg = Debug|x64
		{FF29892B-E075-4492-A343-232E498F4EEB}.Debug|x64.Build.0 = Debug|x64
		{FF29892B-E075-4492-A343-232E498F4EEB}.Debug|x86.ActiveCfg = Debug|Win32
		{FF29892B-E075-4492-A343-232E498F4EEB}.Debug|x86.Build.0 = Debug|Win32
		{FF29892B-E075-4492-A343-232E498F4EEB}.Release|x64.ActiveCfg = Release|x64
		{FF29892B-E075-4492-A343-232E498F4EEB}.Release|x64.Build.0 = Release|x64
		{FF29892B-E075-4492-A343-232E498F4EEB}.Release|x86.ActiveCfg = Release|Win32
		{FF29892B-E075-4492-A343-232E498F4EEB}.Release|x86.Build.0 = Release|Win32
		{AC57B50B-71EE-46E7-8937-ABA4BC164934}.Debug|x64.ActiveCfg = Debug|x64
		{AC57B50B-71EE-46E7-8937-ABA4BC164934}.Debug|x64.Build.0 = Debug|x64
		{AC57B50B-71EE-46E7-8937-ABA4BC164934}.Debug|x86.ActiveCfg = Debug|Win32
		{AC57B50B-71EE-46E7-8937-ABA4BC164934}.Debug|x86.Build.0 = Debug|Win32
		{AC57B50B-71EE-46E7-8937-ABA4BC164934}.Release|x64.ActiveCfg = Release|x64
		{AC57B50B-71EE-46E7-8937-ABA4BC164934}.Release|x64.Build.0 = Release|x64
		{AC57B50B-71EE-46E7-8937-ABA4BC164934}.Release|x86.ActiveCfg = Release|Win32
		{AC57B50B-71EE-46E7-8937-ABA4BC164934}.Release|x86.Build.0 = Release|Win32
	EndGlobalSection
	GlobalSection(SolutionProperties) = preSolution
		HideSolutionNode = FALSE
	EndGlobalSection
	GlobalSection(ExtensibilityGlobals) = postSolution
		SolutionGuid = {B881B68D-F763-432D-849B-CBF94AEAA941}
	EndGlobalSection
EndGlobal
